
Microsoft Visual Studio Solution File, Format Version 12.00
# Visual Studio Version 16
VisualStudioVersion = 16.0.31515.178
MinimumVisualStudioVersion = 10.0.40219.1
Project("{9A19103F-16F7-4668-BE54-9A1E7A4F7556}") = "ObjectOrientedProgram", "ObjectOrientedProgram.csproj", "{37D495BC-F889-439D-AB05-54FD9BE4F636}"
EndProject
Global
	GlobalSection(SolutionConfigurationPlatforms) = preSolution
		Debug|Any CPU = Debug|Any CPU
		Release|Any CPU = Release|Any CPU
	EndGlobalSection
	GlobalSection(ProjectConfigurationPlatforms) = postSolution
		{37D495BC-F889-439D-AB05-54FD9BE4F636}.Debug|Any CPU.ActiveCfg = Debug|Any CPU
		{37D495BC-F889-439D-AB05-54FD9BE4F636}.Debug|Any CPU.Build.0 = Debug|Any CPU
		{37D495BC-F889-439D-AB05-54FD9BE4F636}.Release|Any CPU.ActiveCfg = Release|Any CPU
		{37D495BC-F889-439D-AB05-54FD9BE4F636}.Release|Any CPU.Build.0 = Release|Any CPU
	EndGlobalSection
	GlobalSection(SolutionProperties) = preSolution
		HideSolutionNode = FALSE
	EndGlobalSection
	GlobalSection(ExtensibilityGlobals) = postSolution
		SolutionGuid = {7FF97152-9BCE-4343-911C-71DAF2C431C4}
	EndGlobalSection
EndGlobal
